
Microsoft Visual Studio Solution File, Format Version 12.00
Project("{FAE04EC0-301F-11D3-BF4B-00C04F79EFBC}") = "SDPLabs", "SDPLabs\SDPLabs.csproj", "{62C7F97D-0A60-4194-B81A-5C0D422ECF66}"
EndProject
Project("{FAE04EC0-301F-11D3-BF4B-00C04F79EFBC}") = "SDPLabs.BusinessLogic", "SDPLabs.BusinessLogic\SDPLabs.BusinessLogic.csproj", "{C9A96DDB-2692-4F27-B599-0896127B533D}"
EndProject
Project("{FAE04EC0-301F-11D3-BF4B-00C04F79EFBC}") = "SDPLabs.DataAccess", "SDPLabs.DataAccess\SDPLabs.DataAccess.csproj", "{007CBAD0-0E28-4802-B335-6BC95F2CEB5B}"
EndProject
Project("{2150E333-8FDC-42A3-9474-1A3956D46DE8}") = "Common", "Common", "{7FB297EE-E9C7-4060-936E-88FDC4562A95}"
EndProject
Project("{FAE04EC0-301F-11D3-BF4B-00C04F79EFBC}") = "SDPLabs.Common", "SDPLabs.Common\SDPLabs.Common.csproj", "{AB978DAE-1DD7-4683-A426-7E631FF9CE6C}"
EndProject
Project("{2150E333-8FDC-42A3-9474-1A3956D46DE8}") = "Apps", "Apps", "{7B8EE4C2-1769-4A21-8646-412DEA8EDCC0}"
EndProject
Project("{FAE04EC0-301F-11D3-BF4B-00C04F79EFBC}") = "EventTriggerApp", "EventTriggerApp\EventTriggerApp.csproj", "{FF379578-1B61-4A73-B60E-741EBFDDEEEE}"
EndProject
Global
	GlobalSection(SolutionConfigurationPlatforms) = preSolution
		Debug|Any CPU = Debug|Any CPU
		Release|Any CPU = Release|Any CPU
	EndGlobalSection
	GlobalSection(ProjectConfigurationPlatforms) = postSolution
		{62C7F97D-0A60-4194-B81A-5C0D422ECF66}.Debug|Any CPU.ActiveCfg = Debug|Any CPU
		{62C7F97D-0A60-4194-B81A-5C0D422ECF66}.Debug|Any CPU.Build.0 = Debug|Any CPU
		{62C7F97D-0A60-4194-B81A-5C0D422ECF66}.Release|Any CPU.ActiveCfg = Release|Any CPU
		{62C7F97D-0A60-4194-B81A-5C0D422ECF66}.Release|Any CPU.Build.0 = Release|Any CPU
		{C9A96DDB-2692-4F27-B599-0896127B533D}.Debug|Any CPU.ActiveCfg = Debug|Any CPU
		{C9A96DDB-2692-4F27-B599-0896127B533D}.Debug|Any CPU.Build.0 = Debug|Any CPU
		{C9A96DDB-2692-4F27-B599-0896127B533D}.Release|Any CPU.ActiveCfg = Release|Any CPU
		{C9A96DDB-2692-4F27-B599-0896127B533D}.Release|Any CPU.Build.0 = Release|Any CPU
		{007CBAD0-0E28-4802-B335-6BC95F2CEB5B}.Debug|Any CPU.ActiveCfg = Debug|Any CPU
		{007CBAD0-0E28-4802-B335-6BC95F2CEB5B}.Debug|Any CPU.Build.0 = Debug|Any CPU
		{007CBAD0-0E28-4802-B335-6BC95F2CEB5B}.Release|Any CPU.ActiveCfg = Release|Any CPU
		{007CBAD0-0E28-4802-B335-6BC95F2CEB5B}.Release|Any CPU.Build.0 = Release|Any CPU
		{AB978DAE-1DD7-4683-A426-7E631FF9CE6C}.Debug|Any CPU.ActiveCfg = Debug|Any CPU
		{AB978DAE-1DD7-4683-A426-7E631FF9CE6C}.Debug|Any CPU.Build.0 = Debug|Any CPU
		{AB978DAE-1DD7-4683-A426-7E631FF9CE6C}.Release|Any CPU.ActiveCfg = Release|Any CPU
		{AB978DAE-1DD7-4683-A426-7E631FF9CE6C}.Release|Any CPU.Build.0 = Release|Any CPU
		{FF379578-1B61-4A73-B60E-741EBFDDEEEE}.Debug|Any CPU.ActiveCfg = Debug|Any CPU
		{FF379578-1B61-4A73-B60E-741EBFDDEEEE}.Debug|Any CPU.Build.0 = Debug|Any CPU
		{FF379578-1B61-4A73-B60E-741EBFDDEEEE}.Release|Any CPU.ActiveCfg = Release|Any CPU
		{FF379578-1B61-4A73-B60E-741EBFDDEEEE}.Release|Any CPU.Build.0 = Release|Any CPU
	EndGlobalSection
	GlobalSection(NestedProjects) = preSolution
		{AB978DAE-1DD7-4683-A426-7E631FF9CE6C} = {7FB297EE-E9C7-4060-936E-88FDC4562A95}
		{62C7F97D-0A60-4194-B81A-5C0D422ECF66} = {7B8EE4C2-1769-4A21-8646-412DEA8EDCC0}
		{FF379578-1B61-4A73-B60E-741EBFDDEEEE} = {7B8EE4C2-1769-4A21-8646-412DEA8EDCC0}
	EndGlobalSection
EndGlobal
